{
  "version": 2,
  "dependencies": {
    "net10.0": {
      "Microsoft.CodeAnalysis.PerformanceSensitiveAnalyzers": {
        "type": "Direct",
        "requested": "[3.3.4-beta1.22504.1, )",
        "resolved": "3.3.4-beta1.22504.1",
        "contentHash": "2XRlqPAzVke7Sb80+UqaC7o57OwfK+tIr+aIOxrx41RWDMeR2SBUW7kL4sd6hfLFfBNsLo3W5PT+UwfvwPaOzA=="
      },
      "Microsoft.DotNet.XliffTasks": {
        "type": "Direct",
        "requested": "[10.0.0-beta.26222.2, )",
        "resolved": "10.0.0-beta.26222.2",
        "contentHash": "Qr5RSdEjrTBmnZPi8qc+jbDva/lwlLwsJZriRboeivJMQFs8jGWMqsiuxuRchjNOLMC3SuJb3oVNKmVzhVkdvg=="
      },
      "Microsoft.Extensions.FileSystemGlobbing": {
        "type": "Direct",
        "requested": "[10.0.1, )",
        "resolved": "10.0.1",
        "contentHash": "49dFvGJjLSwGn76eHnP1gBvCJkL8HRYpCrG0DCvsP6wRpEQRLN2Fq8rTxbP+6jS7jmYKCnSVO5C65v4mT3rzeA=="
      },
      "Microsoft.Extensions.Logging": {
        "type": "Direct",
        "requested": "[10.0.1, )",
        "resolved": "10.0.1",
        "contentHash": "9ItMpMLFZFJFqCuHLLbR3LiA4ahA8dMtYuXpXl2YamSDWZhYS9BruPprkftY0tYi2bQ0slNrixdFm+4kpz1g5w==",
        "dependencies": {
          "Microsoft.Extensions.DependencyInjection": "10.0.1",
          "Microsoft.Extensions.Logging.Abstractions": "10.0.1",
          "Microsoft.Extensions.Options": "10.0.1"
        }
      },
      "Microsoft.Extensions.Logging.Abstractions": {
        "type": "Direct",
        "requested": "[10.0.1, )",
        "resolved": "10.0.1",
        "contentHash": "YkmyiPIWAXVb+lPIrM0LE5bbtLOJkCiRTFiHpkVOvhI7uTvCfoOHLEN0LcsY56GpSD7NqX3gJNpsaDe87/B3zg==",
        "dependencies": {
          "Microsoft.Extensions.DependencyInjection.Abstractions": "10.0.1"
        }
      },
      "Microsoft.Extensions.Logging.Console": {
        "type": "Direct",
        "requested": "[10.0.1, )",
        "resolved": "10.0.1",
        "contentHash": "38Q8sEHwQ/+wVO/mwQBa0fcdHbezFpusHE+vBw/dSr6Fq/kzZm3H/NQX511Jki/R3FHd64IY559gdlHZQtYeEA==",
        "dependencies": {
          "Microsoft.Extensions.DependencyInjection.Abstractions": "10.0.1",
          "Microsoft.Extensions.Logging": "10.0.1",
          "Microsoft.Extensions.Logging.Abstractions": "10.0.1",
          "Microsoft.Extensions.Logging.Configuration": "10.0.1",
          "Microsoft.Extensions.Options": "10.0.1"
        }
      },
      "Microsoft.Net.Compilers.Toolset": {
        "type": "Direct",
        "requested": "[5.8.0-1.26228.20, )",
        "resolved": "5.8.0-1.26228.20",
        "contentHash": "MS8tOZCDtdFFvnmZt0IoGV/2hPMquF5eNEW6OMyn4TDcQjO7skXfcO4t0+9N50yg7B3bPdgqTf3rkvyoyr+/RQ=="
      },
      "Microsoft.ServiceHub.Framework": {
        "type": "Direct",
        "requested": "[4.9.14-beta, )",
        "resolved": "4.9.14-beta",
        "contentHash": "/lLthqvtzaMmiE6Qz6d5/bQsN9byQhA2Sus1x2ADwYWHj9rKqEFzUvhlFqzkuerRdmj1f82Lm/X9m2TJFM4lpg==",
        "dependencies": {
          "Microsoft.ServiceHub.Analyzers": "4.9.14-beta",
          "Microsoft.VisualStudio.Composition": "17.12.20",
          "Microsoft.VisualStudio.Threading": "17.13.2",
          "Microsoft.VisualStudio.Validation": "17.8.8",
          "Nerdbank.Streams": "2.11.86",
          "StreamJsonRpc": "2.21.10"
        }
      },
      "Microsoft.TestPlatform.ObjectModel": {
        "type": "Direct",
        "requested": "[17.14.1, )",
        "resolved": "17.14.1",
        "contentHash": "xTP1W6Mi6SWmuxd3a+jj9G9UoC850WGwZUps1Wah9r1ZxgXhdJfj1QqDLJkFjHDCvN42qDL2Ps5KjQYWUU0zcQ=="
      },
      "Microsoft.TestPlatform.TranslationLayer": {
        "type": "Direct",
        "requested": "[17.14.1, )",
        "resolved": "17.14.1",
        "contentHash": "LvxCfuUqu1Xs3xAs2hPlLYnrezqdqu14swUuVyoGCywJ63dD+FRD2lLG/3nAXux4MAXClFtp2y5FiBvLgEAbdA==",
        "dependencies": {
          "NETStandard.Library": "2.0.0"
        }
      },
      "Microsoft.VisualStudio.Composition": {
        "type": "Direct",
        "requested": "[17.13.50, )",
        "resolved": "17.13.50",
        "contentHash": "3Om/KIPUG3V96mxHXIHKp6woVMIv4uqVDEvMCHG8cel3IjHxMan23wMskmC6VKP/FRlxPAoR6ia+RqZc8bo+tQ==",
        "dependencies": {
          "MessagePack": "2.5.198",
          "Microsoft.VisualStudio.Composition.Analyzers": "17.13.50",
          "Microsoft.VisualStudio.Validation": "17.8.8",
          "System.ComponentModel.Composition": "9.0.0",
          "System.Composition": "9.0.0",
          "System.Composition.AttributedModel": "9.0.0"
        }
      },
      "Microsoft.VisualStudio.Threading.Analyzers": {
        "type": "Direct",
        "requested": "[17.15.20-alpha, )",
        "resolved": "17.15.20-alpha",
        "contentHash": "AtHE3rg+MNaNQKlloJEsW5jL4Dt1swjxA/na5pHoVtHaa5PLYIRCgYgFwAUVzAmP1jIzr0KftgZUskGFf5J4MA=="
      },
      "NuGet.ProjectModel": {
        "type": "Direct",
        "requested": "[6.8.0-rc.112, )",
        "resolved": "6.8.0-rc.112",
        "contentHash": "Yrq68rU8CEqolPPM0s2Wvkp3qjvFFfc/JPk5t4LYZkUzmcVRThVFHsMy6foxF6+8GybpTXpX2vp0PfjMy3WpNQ==",
        "dependencies": {
          "NuGet.DependencyResolver.Core": "6.8.0-rc.112"
        }
      },
      "Roslyn.Diagnostics.Analyzers": {
        "type": "Direct",
        "requested": "[5.7.0-1.26227.104, )",
        "resolved": "5.7.0-1.26227.104",
        "contentHash": "qoSp7TJ0/ryflCY8e14QekzaP2lPc11zJh4xrAliK1DYSEjNsPKjkh8lo2NJJt4MYqsZk1TNbFYJ8GW5cfJDRw==",
        "dependencies": {
          "Microsoft.CodeAnalysis.BannedApiAnalyzers": "[5.7.0-1.26227.104]",
          "Microsoft.CodeAnalysis.PublicApiAnalyzers": "[5.7.0-1.26227.104]"
        }
      },
      "SQLitePCLRaw.bundle_green": {
        "type": "Direct",
        "requested": "[2.1.6, )",
        "resolved": "2.1.6",
        "contentHash": "+TPYRsJO3lvyM/HeGmCNAONpwtKpnhpbe6xAM7ENBN/CCKpuJ1wa3yYDzqtsQLQ/TUD7LBv0Bc1o0v33QxGqsg==",
        "dependencies": {
          "SQLitePCLRaw.lib.e_sqlite3": "2.1.6",
          "SQLitePCLRaw.provider.e_sqlite3": "2.1.6"
        }
      },
      "SQLitePCLRaw.core": {
        "type": "Direct",
        "requested": "[2.1.6, )",
        "resolved": "2.1.6",
        "contentHash": "wO6v9GeMx9CUngAet8hbO7xdm+M42p1XeJq47ogyRoYSvNSp0NGLI+MgC0bhrMk9C17MTVFlLiN6ylyExLCc5w=="
      },
      "SQLitePCLRaw.provider.dynamic_cdecl": {
        "type": "Direct",
        "requested": "[2.1.6, )",
        "resolved": "2.1.6",
        "contentHash": "FWt5JjGGvOmppDcK3NodXqlf8hQPz5u5jxyqst0DbC6W1mT3P0Ribwb5m8Pc+djHBQEOxonuwNJLCcH/cujBvA==",
        "dependencies": {
          "SQLitePCLRaw.core": "2.1.6"
        }
      },
      "System.CommandLine": {
        "type": "Direct",
        "requested": "[3.0.0-preview.5.26227.104, )",
        "resolved": "3.0.0-preview.5.26227.104",
        "contentHash": "eHkA5qxDksXF/gmfsg0lcE4Pk/kDab8Tj2PoD4tBOXdcrP8fpl0zXRGuTQMmUSs4F9zRr0ucv4SfT6VVmkrPQA=="
      },
      "MessagePack.Annotations": {
        "type": "Transitive",
        "resolved": "2.5.198",
        "contentHash": "3U9OvqQGTra+Mz1k1zfNAScSdNHobnqtQ51qdMGUZppkNDZJl0X/igq6Qz5zDBLEZoYqZrFtZwFx6wBJHHI8BA=="
      },
      "Microsoft.CodeAnalysis.BannedApiAnalyzers": {
        "type": "Transitive",
        "resolved": "5.7.0-1.26227.104",
        "contentHash": "+GUMN/n3R+Qd47qxOSk7HLs2bHX9nCVTa/l38t6ySP7exQFKwu232GV9RVbYbjn8x2Khl9cpyuxIsajvFGQ4Qg=="
      },
      "Microsoft.CodeAnalysis.PublicApiAnalyzers": {
        "type": "Transitive",
        "resolved": "5.7.0-1.26227.104",
        "contentHash": "ao/9RnAicgfYXxerSWLOieBsY8NL2TUmLPdCHERUWckyqbPiPCWKHTmpJocdIdlRC6921XTllsvrLX6PG1BMVA=="
      },
      "Microsoft.Extensions.Configuration.Abstractions": {
        "type": "Transitive",
        "resolved": "10.0.1",
        "contentHash": "kPlU11hql+L9RjrN2N9/0GcRcRcZrNFlLLjadasFWeBORT6pL6OE+RYRk90GGCyVGSxTK+e1/f3dsMj5zpFFiQ==",
        "dependencies": {
          "Microsoft.Extensions.Primitives": "10.0.1"
        }
      },
      "Microsoft.Extensions.Configuration.Binder": {
        "type": "Transitive",
        "resolved": "10.0.1",
        "contentHash": "Lp4CZIuTVXtlvkAnTq6QvMSW7+H62gX2cU2vdFxHQUxvrWTpi7LwYI3X+YAyIS0r12/p7gaosco7efIxL4yFNw==",
        "dependencies": {
          "Microsoft.Extensions.Configuration": "10.0.1",
          "Microsoft.Extensions.Configuration.Abstractions": "10.0.1"
        }
      },
      "Microsoft.Extensions.DependencyInjection.Abstractions": {
        "type": "Transitive",
        "resolved": "10.0.1",
        "contentHash": "oIy8fQxxbUsSrrOvgBqlVgOeCtDmrcynnTG+FQufcUWBrwyPfwlUkCDB2vaiBeYPyT+20u9/HeuHeBf+H4F/8g=="
      },
      "Microsoft.Extensions.Logging.Configuration": {
        "type": "Transitive",
        "resolved": "10.0.1",
        "contentHash": "Zg8LLnfZs5o2RCHD/+9NfDtJ40swauemwCa7sI8gQoAye/UJHRZNpCtC7a5XE7l9Z7mdI8iMWnLZ6m7Q6S3jLg==",
        "dependencies": {
          "Microsoft.Extensions.Configuration": "10.0.1",
          "Microsoft.Extensions.Configuration.Abstractions": "10.0.1",
          "Microsoft.Extensions.Configuration.Binder": "10.0.1",
          "Microsoft.Extensions.DependencyInjection.Abstractions": "10.0.1",
          "Microsoft.Extensions.Logging": "10.0.1",
          "Microsoft.Extensions.Logging.Abstractions": "10.0.1",
          "Microsoft.Extensions.Options": "10.0.1",
          "Microsoft.Extensions.Options.ConfigurationExtensions": "10.0.1"
        }
      },
      "Microsoft.Extensions.Options.ConfigurationExtensions": {
        "type": "Transitive",
        "resolved": "10.0.1",
        "contentHash": "pL78/Im7O3WmxHzlKUsWTYchKL881udU7E26gCD3T0+/tPhWVfjPwMzfN/MRKU7aoFYcOiqcG2k1QTlH5woWow==",
        "dependencies": {
          "Microsoft.Extensions.Configuration.Abstractions": "10.0.1",
          "Microsoft.Extensions.Configuration.Binder": "10.0.1",
          "Microsoft.Extensions.DependencyInjection.Abstractions": "10.0.1",
          "Microsoft.Extensions.Options": "10.0.1",
          "Microsoft.Extensions.Primitives": "10.0.1"
        }
      },
      "Microsoft.NET.StringTools": {
        "type": "Transitive",
        "resolved": "17.6.3",
        "contentHash": "N0ZIanl1QCgvUumEL1laasU0a7sOE5ZwLZVTn0pAePnfhq8P7SvTjF8Axq+CnavuQkmdQpGNXQ1efZtu5kDFbA=="
      },
      "Microsoft.ServiceHub.Analyzers": {
        "type": "Transitive",
        "resolved": "4.9.14-beta",
        "contentHash": "SEV4krD1RVePzN5lFp5IeL31flk3HvmfggqWkCmqt6Ptllu6na0akdNoO0cruwyeoEtwZ+2Du2zmpFJYn9VLgg=="
      },
      "Microsoft.VisualStudio.Threading.Only": {
        "type": "Transitive",
        "resolved": "17.15.22-alpha",
        "contentHash": "k5mpYhTIOk7x9ip61F3wOPJ+Cf+TxgrYDtzHvjphcpNnn5EwGpLt2Mo0tOIKP4BXW2CHwkdc31vR6IHiY0f10Q==",
        "dependencies": {
          "Microsoft.VisualStudio.Validation": "17.8.8"
        }
      },
      "Microsoft.VisualStudio.Validation": {
        "type": "Transitive",
        "resolved": "17.8.8",
        "contentHash": "rWXThIpyQd4YIXghNkiv2+VLvzS+MCMKVRDR0GAMlflsdo+YcAN2g2r5U1Ah98OFjQMRexTFtXQQ2LkajxZi3g=="
      },
      "NETStandard.Library": {
        "type": "Transitive",
        "resolved": "2.0.0",
        "contentHash": "7jnbRU+L08FXKMxqUflxEXtVymWvNOrS8yHgu9s6EM8Anr6T/wIX4nZ08j/u3Asz+tCufp3YVwFSEvFTPYmBPA==",
        "dependencies": {
          "Microsoft.NETCore.Platforms": "1.1.0"
        }
      },
      "NuGet.Common": {
        "type": "Transitive",
        "resolved": "6.8.0-rc.112",
        "contentHash": "Va1DE4Pdm5oEk4kcM2qCVclW0ovzxqL7OC3m6Dl+ifg+Ebi2/5ZPiTziicgWQFBg9mgAnX3VfWhnnDfsGUpT0A==",
        "dependencies": {
          "NuGet.Frameworks": "6.8.0-rc.112"
        }
      },
      "NuGet.Configuration": {
        "type": "Transitive",
        "resolved": "6.8.0-rc.112",
        "contentHash": "usMP40I9TpDOrgrBfmqNR9Q8ES7hbR4m+oD0M00Ed4/bFqAAA48MDSuF5VNS4mXkpSqyMllhwzKMiRREumznqA==",
        "dependencies": {
          "NuGet.Common": "6.8.0-rc.112",
          "System.Security.Cryptography.ProtectedData": "4.4.0"
        }
      },
      "NuGet.DependencyResolver.Core": {
        "type": "Transitive",
        "resolved": "6.8.0-rc.112",
        "contentHash": "AnqMlqTsMk0o+3CU8t+Em8NngV+2H1l4eq2H+oguQjOf6sn7nPW/yUID7iIoF6iyHNEtvLDMguij4x20pSAWFQ==",
        "dependencies": {
          "NuGet.Configuration": "6.8.0-rc.112",
          "NuGet.LibraryModel": "6.8.0-rc.112",
          "NuGet.Protocol": "6.8.0-rc.112"
        }
      },
      "NuGet.Frameworks": {
        "type": "Transitive",
        "resolved": "6.8.0-rc.112",
        "contentHash": "6dHYmFljDVYbVL3VxuqBud6o2a1OgKF2Vhm3cvr4SRLS7r07IWiCUAHtTALQHLmHqIu8yGhZYh3PFZYwCZ0jgQ=="
      },
      "NuGet.LibraryModel": {
        "type": "Transitive",
        "resolved": "6.8.0-rc.112",
        "contentHash": "xtWZuAUPsG459x62Hb80fDgd6VY8/+q+Z4WcWyiA3CvEP3BWqP7ftuLaHgywGjFCSzpuPoYb7YIbRD0hJZdFlw==",
        "dependencies": {
          "NuGet.Common": "6.8.0-rc.112",
          "NuGet.Versioning": "6.8.0-rc.112"
        }
      },
      "NuGet.Packaging": {
        "type": "Transitive",
        "resolved": "6.8.0-rc.112",
        "contentHash": "AOryow/xTFuXLvwg8kMPLiK602o3KSWQIEc/Vw3vafkTniBLdqi3VqgGrDlLUBl2Qh294LvUAFD/qGFt7pfBwg==",
        "dependencies": {
          "Newtonsoft.Json": "13.0.3",
          "NuGet.Configuration": "6.8.0-rc.112",
          "NuGet.Versioning": "6.8.0-rc.112",
          "System.Security.Cryptography.Pkcs": "6.0.4"
        }
      },
      "NuGet.Protocol": {
        "type": "Transitive",
        "resolved": "6.8.0-rc.112",
        "contentHash": "CwNvIqRwU/AC1OIu0M73tVyHxZBK8Af8Twlt0bqp9WJ4igLknWGcCNYR7zLNfg3pSrTLAQK/xUO3/eiYbXbqPw==",
        "dependencies": {
          "NuGet.Packaging": "6.8.0-rc.112"
        }
      },
      "NuGet.Versioning": {
        "type": "Transitive",
        "resolved": "6.8.0-rc.112",
        "contentHash": "73TDxfFr4LqbqUZLZJkemDh/tWiUf57XLhUZYlEIub7yR+CEpyCCKHOeGe+u2X0B48E9xA1NlLMOUmvxgJYj7Q=="
      },
      "SQLitePCLRaw.provider.e_sqlite3": {
        "type": "Transitive",
        "resolved": "2.1.6",
        "contentHash": "PQ2Oq3yepLY4P7ll145P3xtx2bX8xF4PzaKPRpw9jZlKvfe4LE/saAV82inND9usn1XRpmxXk7Lal3MTI+6CNg==",
        "dependencies": {
          "SQLitePCLRaw.core": "2.1.6"
        }
      },
      "System.Composition.AttributedModel": {
        "type": "Transitive",
        "resolved": "10.0.1",
        "contentHash": "mRxYvpCVPAeuLEk0c0kxWJVjbW1/HUoxCgYotOj9eDeQiYcTDOMdCQApsTrHYMN3pHBA8WoF00KGolG632Etaw=="
      },
      "System.Composition.Convention": {
        "type": "Transitive",
        "resolved": "10.0.1",
        "contentHash": "dYynUByfVBzYDheNPGxS8UN8AvG/4tXf/coSs1odHOyoh4etv1kad/FrLWLMq4f8NO49NV20Xu+0/y613woTUA==",
        "dependencies": {
          "System.Composition.AttributedModel": "10.0.1"
        }
      },
      "System.Composition.Hosting": {
        "type": "Transitive",
        "resolved": "10.0.1",
        "contentHash": "4UGmyBdKWEN1nkqspJlji/nV7XIVm6KGlOC2So0mtM/gKvaNgLz+tUkcbY+6Zpr7dr6ohX1S5yl0RLID5otRHw==",
        "dependencies": {
          "System.Composition.Runtime": "10.0.1"
        }
      },
      "System.Composition.Runtime": {
        "type": "Transitive",
        "resolved": "10.0.1",
        "contentHash": "TVfys1gnUIhmXuYfFzyez0fOkDyELe9UwlxYeVlq6FmqmWmt1ouF0OQJ+6ozkHbkaop7uBUaXw7Qb+/o0m+nMg=="
      },
      "System.Composition.TypedParts": {
        "type": "Transitive",
        "resolved": "10.0.1",
        "contentHash": "koSfjkdQZfgQr3SyiSIBboDn+GiR0vZ3x9Uek9FJbXK0w5AiATV8KrnMEP8B8OAlO+Y3zQf0CPCNzwH+VIYDKg==",
        "dependencies": {
          "System.Composition.AttributedModel": "10.0.1",
          "System.Composition.Hosting": "10.0.1",
          "System.Composition.Runtime": "10.0.1"
        }
      },
      "System.Data.DataSetExtensions": {
        "type": "Transitive",
        "resolved": "4.5.0",
        "contentHash": "221clPs1445HkTBZPL+K9sDBdJRB8UN8rgjO3ztB0CQ26z//fmJXtlsr6whGatscsKGBrhJl5bwJuKSA8mwFOw=="
      },
      "System.Diagnostics.PerformanceCounter": {
        "type": "Transitive",
        "resolved": "7.0.0",
        "contentHash": "L+zIMEaXp1vA4wZk1KLMpk6tvU0xy94R0IfmhkmTWeC4KwShsmAfbg5I19LgjsCTYp6GVdXZ2aHluVWL0QqBdA==",
        "dependencies": {
          "System.Configuration.ConfigurationManager": "7.0.0"
        }
      },
      "System.IO.FileSystem.AccessControl": {
        "type": "Transitive",
        "resolved": "5.0.0",
        "contentHash": "SxHB3nuNrpptVk+vZ/F+7OHEpoHUIKKMl02bUmYHQr1r+glbZQxs7pRtsf4ENO29TVm2TH3AEeep2fJcy92oYw=="
      },
      "Microsoft.CodeAnalysis.Common": {
        "type": "Project",
        "dependencies": {
          "Microsoft.CodeAnalysis.Analyzers": "[5.6.0-2.26172.2, )"
        }
      },
      "microsoft.codeanalysis.csharp": {
        "type": "Project",
        "dependencies": {
          "Microsoft.CodeAnalysis.Common": "[5.8.0-dev, )"
        }
      },
      "microsoft.codeanalysis.csharp.features": {
        "type": "Project",
        "dependencies": {
          "Humanizer.Core": "[2.14.1, )",
          "Microsoft.CodeAnalysis.CSharp": "[5.8.0-dev, )",
          "Microsoft.CodeAnalysis.CSharp.Workspaces": "[5.8.0-dev, )",
          "Microsoft.CodeAnalysis.Common": "[5.8.0-dev, )",
          "Microsoft.CodeAnalysis.Features": "[5.8.0-dev, )",
          "Microsoft.CodeAnalysis.Workspaces.Common": "[5.8.0-dev, )"
        }
      },
      "microsoft.codeanalysis.csharp.workspaces": {
        "type": "Project",
        "dependencies": {
          "Humanizer.Core": "[2.14.1, )",
          "Microsoft.CodeAnalysis.CSharp": "[5.8.0-dev, )",
          "Microsoft.CodeAnalysis.Common": "[5.8.0-dev, )",
          "Microsoft.CodeAnalysis.Workspaces.Common": "[5.8.0-dev, )"
        }
      },
      "microsoft.codeanalysis.externalaccess.aspnetcore": {
        "type": "Project",
        "dependencies": {
          "Microsoft.CodeAnalysis.CSharp.Features": "[5.8.0-dev, )"
        }
      },
      "microsoft.codeanalysis.externalaccess.compilerdevelopersdk": {
        "type": "Project"
      },
      "microsoft.codeanalysis.externalaccess.copilot": {
        "type": "Project",
        "dependencies": {
          "Microsoft.CodeAnalysis.Features": "[5.8.0-dev, )"
        }
      },
      "microsoft.codeanalysis.externalaccess.razor.features": {
        "type": "Project",
        "dependencies": {
          "Microsoft.CodeAnalysis.CSharp.Features": "[5.8.0-dev, )",
          "Microsoft.CodeAnalysis.LanguageServer.Protocol": "[5.8.0-dev, )",
          "Microsoft.CodeAnalysis.Remote.Workspaces": "[5.8.0-dev, )",
          "Microsoft.CodeAnalysis.Workspaces.Common": "[5.8.0-dev, )"
        }
      },
      "microsoft.codeanalysis.externalaccess.razorcompiler": {
        "type": "Project",
        "dependencies": {
          "Microsoft.CodeAnalysis.Common": "[5.8.0-dev, )"
        }
      },
      "microsoft.codeanalysis.externalaccess.visualdiagnostics": {
        "type": "Project",
        "dependencies": {
          "Microsoft.CodeAnalysis.LanguageServer.Protocol": "[5.8.0-dev, )",
          "Microsoft.CodeAnalysis.Remote.Workspaces": "[5.8.0-dev, )"
        }
      },
      "microsoft.codeanalysis.externalaccess.xaml": {
        "type": "Project",
        "dependencies": {
          "Microsoft.CodeAnalysis.LanguageServer.Protocol": "[5.8.0-dev, )",
          "System.ComponentModel.Composition": "[10.0.1, )"
        }
      },
      "microsoft.codeanalysis.features": {
        "type": "Project",
        "dependencies": {
          "Microsoft.CodeAnalysis.Common": "[5.8.0-dev, )",
          "Microsoft.CodeAnalysis.Elfie": "[1.0.0, )",
          "Microsoft.CodeAnalysis.Scripting.Common": "[5.8.0-dev, )",
          "Microsoft.CodeAnalysis.Workspaces.Common": "[5.8.0-dev, )",
          "Microsoft.DiaSymReader": "[2.0.0, )"
        }
      },
      "microsoft.codeanalysis.languageserver.externalaccess.copilot": {
        "type": "Project"
      },
      "microsoft.codeanalysis.languageserver.protocol": {
        "type": "Project",
        "dependencies": {
          "ICSharpCode.Decompiler": "[9.1.0.7988, )",
          "Microsoft.CodeAnalysis.CSharp": "[5.8.0-dev, )",
          "Microsoft.CodeAnalysis.Features": "[5.8.0-dev, )",
          "StreamJsonRpc": "[2.23.41-alpha, )"
        }
      },
      "microsoft.codeanalysis.remote.workspaces": {
        "type": "Project",
        "dependencies": {
          "Microsoft.CodeAnalysis.Features": "[5.8.0-dev, )",
          "Microsoft.ServiceHub.Client": "[4.6.3200, )",
          "Microsoft.VisualStudio.Composition": "[17.13.50, )",
          "System.ComponentModel.Composition": "[10.0.1, )"
        }
      },
      "Microsoft.CodeAnalysis.Scripting.Common": {
        "type": "Project",
        "dependencies": {
          "Microsoft.CodeAnalysis.Common": "[5.8.0-dev, )"
        }
      },
      "Microsoft.CodeAnalysis.Workspaces.Common": {
        "type": "Project",
        "dependencies": {
          "Humanizer.Core": "[2.14.1, )",
          "Microsoft.CodeAnalysis.Common": "[5.8.0-dev, )",
          "System.Composition": "[10.0.1, )"
        }
      },
      "microsoft.codeanalysis.workspaces.msbuild": {
        "type": "Project",
        "dependencies": {
          "Microsoft.Build.Framework": "[17.11.48, )",
          "Microsoft.CodeAnalysis.Workspaces.Common": "[5.8.0-dev, )",
          "Microsoft.CodeAnalysis.Workspaces.MSBuild.Contracts": "[5.8.0-dev, )",
          "Microsoft.Extensions.Logging": "[10.0.1, )",
          "Microsoft.VisualStudio.SolutionPersistence": "[1.0.52, )"
        }
      },
      "microsoft.codeanalysis.workspaces.msbuild.contracts": {
        "type": "Project"
      },
      "Humanizer.Core": {
        "type": "CentralTransitive",
        "requested": "[2.14.1, )",
        "resolved": "2.14.1",
        "contentHash": "lQKvtaTDOXnoVJ20ibTuSIOf2i0uO0MPbDhd1jm238I+U/2ZnRENj0cktKZhtchBMtCUSRQ5v4xBCUbKNmyVMw=="
      },
      "ICSharpCode.Decompiler": {
        "type": "CentralTransitive",
        "requested": "[9.1.0.7988, )",
        "resolved": "9.1.0.7988",
        "contentHash": "N5HEh7n/9GpnkH6ojwPbzWbO1Ma+SFZCKafz69uRLnkt/bWzPON7wf7NLxTdU/fGWPnG2TEXRsu5DnRyvIQSaQ=="
      },
      "MessagePack": {
        "type": "CentralTransitive",
        "requested": "[2.5.198, )",
        "resolved": "2.5.198",
        "contentHash": "ul2rGISMatBL4AbXTteEml4xtOsKF8yClEkS0rnrMyFs6Cu3KTbdZwOXrcbEUjGFIDiCwHuYIGyS55FeiaYzBw==",
        "dependencies": {
          "MessagePack.Annotations": "2.5.198",
          "Microsoft.NET.StringTools": "17.6.3"
        }
      },
      "Microsoft.Build.Framework": {
        "type": "CentralTransitive",
        "requested": "[17.11.48, )",
        "resolved": "17.11.48",
        "contentHash": "C3WIMt2wBl4++NX3jSEpTq5KXBhvAV154R4JrYHkfy9JSBcXWiL0mkgpspk5xSdOj+fS/uz7zluIy6bMM1fkkQ=="
      },
      "Microsoft.CodeAnalysis.Analyzers": {
        "type": "CentralTransitive",
        "requested": "[5.6.0-2.26172.2, )",
        "resolved": "5.6.0-2.26172.2",
        "contentHash": "xRPIwva1u2UuX46lfccAl8+86YnjzXjoCD83KanidOq/qHXHt4UdhWj4oPGtAcVnYWiiQPnYwi16wD6SSuLZUw=="
      },
      "Microsoft.CodeAnalysis.Elfie": {
        "type": "CentralTransitive",
        "requested": "[1.0.0, )",
        "resolved": "1.0.0",
        "contentHash": "r12elUp4MRjdnRfxEP+xqVSUUfG3yIJTBEJGwbfvF5oU4m0jb9HC0gFG28V/dAkYGMkRmHVi3qvrnBLQSw9X3Q==",
        "dependencies": {
          "System.Configuration.ConfigurationManager": "4.5.0",
          "System.Data.DataSetExtensions": "4.5.0"
        }
      },
      "Microsoft.DiaSymReader": {
        "type": "CentralTransitive",
        "requested": "[2.0.0, )",
        "resolved": "2.0.0",
        "contentHash": "QcZrCETsBJqy/vQpFtJc+jSXQ0K5sucQ6NUFbTNVHD4vfZZOwjZ/3sBzczkC4DityhD3AVO/+K/+9ioLs1AgRA=="
      },
      "Microsoft.Extensions.Configuration": {
        "type": "CentralTransitive",
        "requested": "[10.0.1, )",
        "resolved": "10.0.1",
        "contentHash": "njoRekyMIK+smav8B6KL2YgIfUtlsRNuT7wvurpLW+m/hoRKVnoELk2YxnUnWRGScCd1rukLMxShwLqEOKowDg==",
        "dependencies": {
          "Microsoft.Extensions.Configuration.Abstractions": "10.0.1",
          "Microsoft.Extensions.Primitives": "10.0.1"
        }
      },
      "Microsoft.Extensions.DependencyInjection": {
        "type": "CentralTransitive",
        "requested": "[10.0.1, )",
        "resolved": "10.0.1",
        "contentHash": "zerXV0GAR9LCSXoSIApbWn+Dq1/T+6vbXMHGduq1LoVQRHT0BXsGQEau0jeLUBUcsoF/NaUT8ADPu8b+eNcIyg==",
        "dependencies": {
          "Microsoft.Extensions.DependencyInjection.Abstractions": "10.0.1"
        }
      },
      "Microsoft.Extensions.Options": {
        "type": "CentralTransitive",
        "requested": "[10.0.1, )",
        "resolved": "10.0.1",
        "contentHash": "G6VVwywpJI4XIobetGHwg7wDOYC2L2XBYdtskxLaKF/Ynb5QBwLl7Q//wxAR2aVCLkMpoQrjSP9VoORkyddsNQ==",
        "dependencies": {
          "Microsoft.Extensions.DependencyInjection.Abstractions": "10.0.1",
          "Microsoft.Extensions.Primitives": "10.0.1"
        }
      },
      "Microsoft.Extensions.Primitives": {
        "type": "CentralTransitive",
        "requested": "[10.0.1, )",
        "resolved": "10.0.1",
        "contentHash": "DO8XrJkp5x4PddDuc/CH37yDBCs9BYN6ijlKyR3vMb55BP1Vwh90vOX8bNfnKxr5B2qEI3D8bvbY1fFbDveDHQ=="
      },
      "Microsoft.NETCore.Platforms": {
        "type": "CentralTransitive",
        "requested": "[5.0.0, )",
        "resolved": "5.0.0",
        "contentHash": "VyPlqzH2wavqquTcYpkIIAQ6WdenuKoFN0BdYBbCWsclXacSOHNQn66Gt4z5NBqEYW0FAPm5rlvki9ZiCij5xQ=="
      },
      "Microsoft.ServiceHub.Client": {
        "type": "CentralTransitive",
        "requested": "[4.6.3200, )",
        "resolved": "4.6.3200",
        "contentHash": "xPutqy2BDEnwyLmYLMkMVSGSAqKwpRXJigajkMCRh/m+ce0dGll8SW+O0GmWn0cT7k9sc0SfdF3WRFYibet+bA==",
        "dependencies": {
          "Microsoft.ServiceHub.Framework": "4.8.47",
          "Microsoft.VisualStudio.Telemetry": "17.14.18",
          "Microsoft.VisualStudio.Threading": "17.12.19",
          "Microsoft.VisualStudio.Utilities.Internal": "16.3.90",
          "Newtonsoft.Json": "13.0.3",
          "StreamJsonRpc": "2.22.12",
          "System.Security.Permissions": "8.0.0"
        }
      },
      "Microsoft.VisualStudio.Composition.Analyzers": {
        "type": "CentralTransitive",
        "requested": "[17.13.50, )",
        "resolved": "17.13.50",
        "contentHash": "FzS3o9HsMdR/lDUIeNmMOWQhj7rbA+IB70J3TEmPjoYwVfOaAtalMuHTtZ2NVrkrqxwDJk3d3eh6/hYgkxUaTQ=="
      },
      "Microsoft.VisualStudio.RemoteControl": {
        "type": "CentralTransitive",
        "requested": "[16.3.52, )",
        "resolved": "16.3.52",
        "contentHash": "+MgP1+Rtt1uJZyqhf7+H6KAQ57wc7v00ixuLhEgFggIbmW2/29YXfPK7gLvXw+vU7vimuM47cqAHrnB7RWYqtg==",
        "dependencies": {
          "Microsoft.VisualStudio.Utilities.Internal": "16.3.42",
          "System.Configuration.ConfigurationManager": "7.0.0",
          "System.IO.FileSystem.AccessControl": "5.0.0"
        }
      },
      "Microsoft.VisualStudio.SolutionPersistence": {
        "type": "CentralTransitive",
        "requested": "[1.0.52, )",
        "resolved": "1.0.52",
        "contentHash": "oNv2JtYXhpdJrX63nibx1JT3uCESOBQ1LAk7Dtz/sr0+laW0KRM6eKp4CZ3MHDR2siIkKsY8MmUkeP5DKkQQ5w=="
      },
      "Microsoft.VisualStudio.Telemetry": {
        "type": "CentralTransitive",
        "requested": "[18.0.22, )",
        "resolved": "18.0.22",
        "contentHash": "KSWtpKL5ra3pq4ci7CAPjWVcUcHr4bYzLH2RIFOmTwcndMEdfGZRIG8wwc88Yrts80Wr0PPmj1J2ZhaRjUv0HQ==",
        "dependencies": {
          "Microsoft.VisualStudio.RemoteControl": "16.3.52",
          "Microsoft.VisualStudio.Utilities.Internal": "16.3.90",
          "Newtonsoft.Json": "13.0.3",
          "System.Diagnostics.PerformanceCounter": "7.0.0",
          "System.Management": "5.0.0"
        }
      },
      "Microsoft.VisualStudio.Threading": {
        "type": "CentralTransitive",
        "requested": "[17.15.22-alpha, )",
        "resolved": "17.15.22-alpha",
        "contentHash": "vRQqyNA5M7deAung7h+FJ+XdgZHA/4syZpctcXfeDk5CxsCuGTjovq8XfjLtkDFeV6W9Zq2z1+nRy4XblwfUVQ==",
        "dependencies": {
          "Microsoft.VisualStudio.Threading.Analyzers": "17.15.22-alpha",
          "Microsoft.VisualStudio.Threading.Only": "17.15.22-alpha",
          "Microsoft.VisualStudio.Validation": "17.8.8"
        }
      },
      "Microsoft.VisualStudio.Utilities.Internal": {
        "type": "CentralTransitive",
        "requested": "[16.3.90, )",
        "resolved": "16.3.90",
        "contentHash": "joWRXcBhOAzEaBfgV4OHa++VESjShwUGB0kqy7vdEiJg08wXpxYt9afQDEwiwy8XGKPKabByYXA+CGMLxYo/TQ=="
      },
      "Nerdbank.Streams": {
        "type": "CentralTransitive",
        "requested": "[2.12.87, )",
        "resolved": "2.12.87",
        "contentHash": "oDKOeKZ865I5X8qmU3IXMyrAnssYEiYWTobPGdrqubN3RtTzEHIv+D6fwhdcfrdhPJzHjCkK/ORztR/IsnmA6g==",
        "dependencies": {
          "Microsoft.VisualStudio.Threading.Only": "17.13.61",
          "Microsoft.VisualStudio.Validation": "17.8.8"
        }
      },
      "Newtonsoft.Json": {
        "type": "CentralTransitive",
        "requested": "[13.0.3, )",
        "resolved": "13.0.3",
        "contentHash": "HrC5BXdl00IP9zeV+0Z848QWPAoCr9P3bDEZguI+gkLcBKAOxix/tLEAAHC+UvDNPv4a2d18lOReHMOagPa+zQ=="
      },
      "SQLitePCLRaw.lib.e_sqlite3": {
        "type": "CentralTransitive",
        "requested": "[2.1.6, )",
        "resolved": "2.1.6",
        "contentHash": "2ObJJLkIUIxRpOUlZNGuD4rICpBnrBR5anjyfUFQep4hMOIeqW+XGQYzrNmHSVz5xSWZ3klSbh7sFR6UyDj68Q=="
      },
      "StreamJsonRpc": {
        "type": "CentralTransitive",
        "requested": "[2.23.41-alpha, )",
        "resolved": "2.23.41-alpha",
        "contentHash": "PW9ogs+0vOxBlr+XXinXmxlJy0K9uMdNfyoY70tvjQVDTpVIE6nxqLqVk3hrX4gEgVe1psNXmEyvwnie2BXsXw==",
        "dependencies": {
          "MessagePack": "2.5.198",
          "Microsoft.VisualStudio.Threading.Only": "17.14.15",
          "Microsoft.VisualStudio.Validation": "17.8.8",
          "Nerdbank.Streams": "2.12.87",
          "Newtonsoft.Json": "13.0.3"
        }
      },
      "System.CodeDom": {
        "type": "CentralTransitive",
        "requested": "[8.0.0, )",
        "resolved": "8.0.0",
        "contentHash": "WTlRjL6KWIMr/pAaq3rYqh0TJlzpouaQ/W1eelssHgtlwHAH25jXTkUphTYx9HaIIf7XA6qs/0+YhtLEQRkJ+Q=="
      },
      "System.ComponentModel.Composition": {
        "type": "CentralTransitive",
        "requested": "[10.0.1, )",
        "resolved": "10.0.1",
        "contentHash": "zXR6zibcP5aXq2wpfdUfFQX7VsfV+LkVladMi9VKRoitpm1PyGbkWP1JMRjgJTO/5W+eQhk9dO2dXbXNpAGBOg=="
      },
      "System.Composition": {
        "type": "CentralTransitive",
        "requested": "[10.0.1, )",
        "resolved": "10.0.1",
        "contentHash": "DJkqaWQfho/ReTzKcZD3zJJ6K4GcS154k+T0UCPMBNIOZ2U/lNpyiiWZ6Etw0onWyTH1K+yhICsdmwA5xy2aPQ==",
        "dependencies": {
          "System.Composition.AttributedModel": "10.0.1",
          "System.Composition.Convention": "10.0.1",
          "System.Composition.Hosting": "10.0.1",
          "System.Composition.Runtime": "10.0.1",
          "System.Composition.TypedParts": "10.0.1"
        }
      },
      "System.Configuration.ConfigurationManager": {
        "type": "CentralTransitive",
        "requested": "[10.0.1, )",
        "resolved": "10.0.1",
        "contentHash": "HfOAIlSA8OuaxBZD6xjsUWhtB0KdKSWEfRId8gSGveLUjuP6G8IxfiFgJNxaiRIEC1kx4pSvz3Em5xW/J6LLxA==",
        "dependencies": {
          "System.Diagnostics.EventLog": "10.0.1",
          "System.Security.Cryptography.ProtectedData": "10.0.1"
        }
      },
      "System.Diagnostics.EventLog": {
        "type": "CentralTransitive",
        "requested": "[10.0.1, )",
        "resolved": "10.0.1",
        "contentHash": "xfaHEHVDkMOOZR5S6ZGezD0+vekdH1Nx/9Ih8/rOqOGSOk1fxiN3u94bYkBW/wigj0Uw2Wt3vvRj9mtYdgwEjw=="
      },
      "System.Management": {
        "type": "CentralTransitive",
        "requested": "[7.0.0, )",
        "resolved": "7.0.0",
        "contentHash": "A4jed4QUviDOm7fJNKAJObEAEkEUXmkGL/w0iyCYTzrl1rezTj8LGFHfsVst4Vb9JwFcTpboiDrvdST48avBpw==",
        "dependencies": {
          "System.CodeDom": "7.0.0"
        }
      },
      "System.Security.Cryptography.Pkcs": {
        "type": "CentralTransitive",
        "requested": "[8.0.1, )",
        "resolved": "8.0.1",
        "contentHash": "CoCRHFym33aUSf/NtWSVSZa99dkd0Hm7OCZUxORBjRB16LNhIEOf8THPqzIYlvKM0nNDAPTRBa1FxEECrgaxxA=="
      },
      "System.Security.Cryptography.ProtectedData": {
        "type": "CentralTransitive",
        "requested": "[10.0.1, )",
        "resolved": "10.0.1",
        "contentHash": "9SqHNq+lAjZeyPcm69FTQEjr+wsRYvkS3aW8yxoEndVYwDRkCrsP/44QPqpWHwzevoX26rkOoQ6kr7GZWngw2A=="
      },
      "System.Security.Permissions": {
        "type": "CentralTransitive",
        "requested": "[10.0.1, )",
        "resolved": "10.0.1",
        "contentHash": "A6a/n+CGdHO3YVCbHwePGxCBi38H+RPAwbvgekPmmoQfui9FaHeXLpWOGRN5qiWjVxyFcWIshwqKFjrRiPrXaw==",
        "dependencies": {
          "System.Windows.Extensions": "10.0.1"
        }
      },
      "System.Windows.Extensions": {
        "type": "CentralTransitive",
        "requested": "[10.0.1, )",
        "resolved": "10.0.1",
        "contentHash": "NkxuY2TrVVZJYbdNzoYyTXjkp6T6ZZ/HrObEBTRzJxwTKTvVJEgbF4vSthBNZR3UKaKx79c7+1k83KhjxxVeWg=="
      }
    },
    "net10.0/linux-arm64": {
      "System.Diagnostics.PerformanceCounter": {
        "type": "Transitive",
        "resolved": "7.0.0",
        "contentHash": "L+zIMEaXp1vA4wZk1KLMpk6tvU0xy94R0IfmhkmTWeC4KwShsmAfbg5I19LgjsCTYp6GVdXZ2aHluVWL0QqBdA==",
        "dependencies": {
          "System.Configuration.ConfigurationManager": "7.0.0"
        }
      },
      "System.IO.FileSystem.AccessControl": {
        "type": "Transitive",
        "resolved": "5.0.0",
        "contentHash": "SxHB3nuNrpptVk+vZ/F+7OHEpoHUIKKMl02bUmYHQr1r+glbZQxs7pRtsf4ENO29TVm2TH3AEeep2fJcy92oYw=="
      },
      "SQLitePCLRaw.lib.e_sqlite3": {
        "type": "CentralTransitive",
        "requested": "[2.1.6, )",
        "resolved": "2.1.6",
        "contentHash": "2ObJJLkIUIxRpOUlZNGuD4rICpBnrBR5anjyfUFQep4hMOIeqW+XGQYzrNmHSVz5xSWZ3klSbh7sFR6UyDj68Q=="
      },
      "System.Diagnostics.EventLog": {
        "type": "CentralTransitive",
        "requested": "[10.0.1, )",
        "resolved": "10.0.1",
        "contentHash": "xfaHEHVDkMOOZR5S6ZGezD0+vekdH1Nx/9Ih8/rOqOGSOk1fxiN3u94bYkBW/wigj0Uw2Wt3vvRj9mtYdgwEjw=="
      },
      "System.Management": {
        "type": "CentralTransitive",
        "requested": "[7.0.0, )",
        "resolved": "7.0.0",
        "contentHash": "A4jed4QUviDOm7fJNKAJObEAEkEUXmkGL/w0iyCYTzrl1rezTj8LGFHfsVst4Vb9JwFcTpboiDrvdST48avBpw==",
        "dependencies": {
          "System.CodeDom": "7.0.0"
        }
      },
      "System.Security.Cryptography.Pkcs": {
        "type": "CentralTransitive",
        "requested": "[8.0.1, )",
        "resolved": "8.0.1",
        "contentHash": "CoCRHFym33aUSf/NtWSVSZa99dkd0Hm7OCZUxORBjRB16LNhIEOf8THPqzIYlvKM0nNDAPTRBa1FxEECrgaxxA=="
      },
      "System.Windows.Extensions": {
        "type": "CentralTransitive",
        "requested": "[10.0.1, )",
        "resolved": "10.0.1",
        "contentHash": "NkxuY2TrVVZJYbdNzoYyTXjkp6T6ZZ/HrObEBTRzJxwTKTvVJEgbF4vSthBNZR3UKaKx79c7+1k83KhjxxVeWg=="
      }
    },
    "net10.0/linux-musl-arm64": {
      "System.Diagnostics.PerformanceCounter": {
        "type": "Transitive",
        "resolved": "7.0.0",
        "contentHash": "L+zIMEaXp1vA4wZk1KLMpk6tvU0xy94R0IfmhkmTWeC4KwShsmAfbg5I19LgjsCTYp6GVdXZ2aHluVWL0QqBdA==",
        "dependencies": {
          "System.Configuration.ConfigurationManager": "7.0.0"
        }
      },
      "System.IO.FileSystem.AccessControl": {
        "type": "Transitive",
        "resolved": "5.0.0",
        "contentHash": "SxHB3nuNrpptVk+vZ/F+7OHEpoHUIKKMl02bUmYHQr1r+glbZQxs7pRtsf4ENO29TVm2TH3AEeep2fJcy92oYw=="
      },
      "SQLitePCLRaw.lib.e_sqlite3": {
        "type": "CentralTransitive",
        "requested": "[2.1.6, )",
        "resolved": "2.1.6",
        "contentHash": "2ObJJLkIUIxRpOUlZNGuD4rICpBnrBR5anjyfUFQep4hMOIeqW+XGQYzrNmHSVz5xSWZ3klSbh7sFR6UyDj68Q=="
      },
      "System.Diagnostics.EventLog": {
        "type": "CentralTransitive",
        "requested": "[10.0.1, )",
        "resolved": "10.0.1",
        "contentHash": "xfaHEHVDkMOOZR5S6ZGezD0+vekdH1Nx/9Ih8/rOqOGSOk1fxiN3u94bYkBW/wigj0Uw2Wt3vvRj9mtYdgwEjw=="
      },
      "System.Management": {
        "type": "CentralTransitive",
        "requested": "[7.0.0, )",
        "resolved": "7.0.0",
        "contentHash": "A4jed4QUviDOm7fJNKAJObEAEkEUXmkGL/w0iyCYTzrl1rezTj8LGFHfsVst4Vb9JwFcTpboiDrvdST48avBpw==",
        "dependencies": {
          "System.CodeDom": "7.0.0"
        }
      },
      "System.Security.Cryptography.Pkcs": {
        "type": "CentralTransitive",
        "requested": "[8.0.1, )",
        "resolved": "8.0.1",
        "contentHash": "CoCRHFym33aUSf/NtWSVSZa99dkd0Hm7OCZUxORBjRB16LNhIEOf8THPqzIYlvKM0nNDAPTRBa1FxEECrgaxxA=="
      },
      "System.Windows.Extensions": {
        "type": "CentralTransitive",
        "requested": "[10.0.1, )",
        "resolved": "10.0.1",
        "contentHash": "NkxuY2TrVVZJYbdNzoYyTXjkp6T6ZZ/HrObEBTRzJxwTKTvVJEgbF4vSthBNZR3UKaKx79c7+1k83KhjxxVeWg=="
      }
    },
    "net10.0/linux-musl-x64": {
      "System.Diagnostics.PerformanceCounter": {
        "type": "Transitive",
        "resolved": "7.0.0",
        "contentHash": "L+zIMEaXp1vA4wZk1KLMpk6tvU0xy94R0IfmhkmTWeC4KwShsmAfbg5I19LgjsCTYp6GVdXZ2aHluVWL0QqBdA==",
        "dependencies": {
          "System.Configuration.ConfigurationManager": "7.0.0"
        }
      },
      "System.IO.FileSystem.AccessControl": {
        "type": "Transitive",
        "resolved": "5.0.0",
        "contentHash": "SxHB3nuNrpptVk+vZ/F+7OHEpoHUIKKMl02bUmYHQr1r+glbZQxs7pRtsf4ENO29TVm2TH3AEeep2fJcy92oYw=="
      },
      "SQLitePCLRaw.lib.e_sqlite3": {
        "type": "CentralTransitive",
        "requested": "[2.1.6, )",
        "resolved": "2.1.6",
        "contentHash": "2ObJJLkIUIxRpOUlZNGuD4rICpBnrBR5anjyfUFQep4hMOIeqW+XGQYzrNmHSVz5xSWZ3klSbh7sFR6UyDj68Q=="
      },
      "System.Diagnostics.EventLog": {
        "type": "CentralTransitive",
        "requested": "[10.0.1, )",
        "resolved": "10.0.1",
        "contentHash": "xfaHEHVDkMOOZR5S6ZGezD0+vekdH1Nx/9Ih8/rOqOGSOk1fxiN3u94bYkBW/wigj0Uw2Wt3vvRj9mtYdgwEjw=="
      },
      "System.Management": {
        "type": "CentralTransitive",
        "requested": "[7.0.0, )",
        "resolved": "7.0.0",
        "contentHash": "A4jed4QUviDOm7fJNKAJObEAEkEUXmkGL/w0iyCYTzrl1rezTj8LGFHfsVst4Vb9JwFcTpboiDrvdST48avBpw==",
        "dependencies": {
          "System.CodeDom": "7.0.0"
        }
      },
      "System.Security.Cryptography.Pkcs": {
        "type": "CentralTransitive",
        "requested": "[8.0.1, )",
        "resolved": "8.0.1",
        "contentHash": "CoCRHFym33aUSf/NtWSVSZa99dkd0Hm7OCZUxORBjRB16LNhIEOf8THPqzIYlvKM0nNDAPTRBa1FxEECrgaxxA=="
      },
      "System.Windows.Extensions": {
        "type": "CentralTransitive",
        "requested": "[10.0.1, )",
        "resolved": "10.0.1",
        "contentHash": "NkxuY2TrVVZJYbdNzoYyTXjkp6T6ZZ/HrObEBTRzJxwTKTvVJEgbF4vSthBNZR3UKaKx79c7+1k83KhjxxVeWg=="
      }
    },
    "net10.0/linux-x64": {
      "System.Diagnostics.PerformanceCounter": {
        "type": "Transitive",
        "resolved": "7.0.0",
        "contentHash": "L+zIMEaXp1vA4wZk1KLMpk6tvU0xy94R0IfmhkmTWeC4KwShsmAfbg5I19LgjsCTYp6GVdXZ2aHluVWL0QqBdA==",
        "dependencies": {
          "System.Configuration.ConfigurationManager": "7.0.0"
        }
      },
      "System.IO.FileSystem.AccessControl": {
        "type": "Transitive",
        "resolved": "5.0.0",
        "contentHash": "SxHB3nuNrpptVk+vZ/F+7OHEpoHUIKKMl02bUmYHQr1r+glbZQxs7pRtsf4ENO29TVm2TH3AEeep2fJcy92oYw=="
      },
      "SQLitePCLRaw.lib.e_sqlite3": {
        "type": "CentralTransitive",
        "requested": "[2.1.6, )",
        "resolved": "2.1.6",
        "contentHash": "2ObJJLkIUIxRpOUlZNGuD4rICpBnrBR5anjyfUFQep4hMOIeqW+XGQYzrNmHSVz5xSWZ3klSbh7sFR6UyDj68Q=="
      },
      "System.Diagnostics.EventLog": {
        "type": "CentralTransitive",
        "requested": "[10.0.1, )",
        "resolved": "10.0.1",
        "contentHash": "xfaHEHVDkMOOZR5S6ZGezD0+vekdH1Nx/9Ih8/rOqOGSOk1fxiN3u94bYkBW/wigj0Uw2Wt3vvRj9mtYdgwEjw=="
      },
      "System.Management": {
        "type": "CentralTransitive",
        "requested": "[7.0.0, )",
        "resolved": "7.0.0",
        "contentHash": "A4jed4QUviDOm7fJNKAJObEAEkEUXmkGL/w0iyCYTzrl1rezTj8LGFHfsVst4Vb9JwFcTpboiDrvdST48avBpw==",
        "dependencies": {
          "System.CodeDom": "7.0.0"
        }
      },
      "System.Security.Cryptography.Pkcs": {
        "type": "CentralTransitive",
        "requested": "[8.0.1, )",
        "resolved": "8.0.1",
        "contentHash": "CoCRHFym33aUSf/NtWSVSZa99dkd0Hm7OCZUxORBjRB16LNhIEOf8THPqzIYlvKM0nNDAPTRBa1FxEECrgaxxA=="
      },
      "System.Windows.Extensions": {
        "type": "CentralTransitive",
        "requested": "[10.0.1, )",
        "resolved": "10.0.1",
        "contentHash": "NkxuY2TrVVZJYbdNzoYyTXjkp6T6ZZ/HrObEBTRzJxwTKTvVJEgbF4vSthBNZR3UKaKx79c7+1k83KhjxxVeWg=="
      }
    },
    "net10.0/osx-arm64": {
      "System.Diagnostics.PerformanceCounter": {
        "type": "Transitive",
        "resolved": "7.0.0",
        "contentHash": "L+zIMEaXp1vA4wZk1KLMpk6tvU0xy94R0IfmhkmTWeC4KwShsmAfbg5I19LgjsCTYp6GVdXZ2aHluVWL0QqBdA==",
        "dependencies": {
          "System.Configuration.ConfigurationManager": "7.0.0"
        }
      },
      "System.IO.FileSystem.AccessControl": {
        "type": "Transitive",
        "resolved": "5.0.0",
        "contentHash": "SxHB3nuNrpptVk+vZ/F+7OHEpoHUIKKMl02bUmYHQr1r+glbZQxs7pRtsf4ENO29TVm2TH3AEeep2fJcy92oYw=="
      },
      "SQLitePCLRaw.lib.e_sqlite3": {
        "type": "CentralTransitive",
        "requested": "[2.1.6, )",
        "resolved": "2.1.6",
        "contentHash": "2ObJJLkIUIxRpOUlZNGuD4rICpBnrBR5anjyfUFQep4hMOIeqW+XGQYzrNmHSVz5xSWZ3klSbh7sFR6UyDj68Q=="
      },
      "System.Diagnostics.EventLog": {
        "type": "CentralTransitive",
        "requested": "[10.0.1, )",
        "resolved": "10.0.1",
        "contentHash": "xfaHEHVDkMOOZR5S6ZGezD0+vekdH1Nx/9Ih8/rOqOGSOk1fxiN3u94bYkBW/wigj0Uw2Wt3vvRj9mtYdgwEjw=="
      },
      "System.Management": {
        "type": "CentralTransitive",
        "requested": "[7.0.0, )",
        "resolved": "7.0.0",
        "contentHash": "A4jed4QUviDOm7fJNKAJObEAEkEUXmkGL/w0iyCYTzrl1rezTj8LGFHfsVst4Vb9JwFcTpboiDrvdST48avBpw==",
        "dependencies": {
          "System.CodeDom": "7.0.0"
        }
      },
      "System.Security.Cryptography.Pkcs": {
        "type": "CentralTransitive",
        "requested": "[8.0.1, )",
        "resolved": "8.0.1",
        "contentHash": "CoCRHFym33aUSf/NtWSVSZa99dkd0Hm7OCZUxORBjRB16LNhIEOf8THPqzIYlvKM0nNDAPTRBa1FxEECrgaxxA=="
      },
      "System.Windows.Extensions": {
        "type": "CentralTransitive",
        "requested": "[10.0.1, )",
        "resolved": "10.0.1",
        "contentHash": "NkxuY2TrVVZJYbdNzoYyTXjkp6T6ZZ/HrObEBTRzJxwTKTvVJEgbF4vSthBNZR3UKaKx79c7+1k83KhjxxVeWg=="
      }
    },
    "net10.0/osx-x64": {
      "System.Diagnostics.PerformanceCounter": {
        "type": "Transitive",
        "resolved": "7.0.0",
        "contentHash": "L+zIMEaXp1vA4wZk1KLMpk6tvU0xy94R0IfmhkmTWeC4KwShsmAfbg5I19LgjsCTYp6GVdXZ2aHluVWL0QqBdA==",
        "dependencies": {
          "System.Configuration.ConfigurationManager": "7.0.0"
        }
      },
      "System.IO.FileSystem.AccessControl": {
        "type": "Transitive",
        "resolved": "5.0.0",
        "contentHash": "SxHB3nuNrpptVk+vZ/F+7OHEpoHUIKKMl02bUmYHQr1r+glbZQxs7pRtsf4ENO29TVm2TH3AEeep2fJcy92oYw=="
      },
      "SQLitePCLRaw.lib.e_sqlite3": {
        "type": "CentralTransitive",
        "requested": "[2.1.6, )",
        "resolved": "2.1.6",
        "contentHash": "2ObJJLkIUIxRpOUlZNGuD4rICpBnrBR5anjyfUFQep4hMOIeqW+XGQYzrNmHSVz5xSWZ3klSbh7sFR6UyDj68Q=="
      },
      "System.Diagnostics.EventLog": {
        "type": "CentralTransitive",
        "requested": "[10.0.1, )",
        "resolved": "10.0.1",
        "contentHash": "xfaHEHVDkMOOZR5S6ZGezD0+vekdH1Nx/9Ih8/rOqOGSOk1fxiN3u94bYkBW/wigj0Uw2Wt3vvRj9mtYdgwEjw=="
      },
      "System.Management": {
        "type": "CentralTransitive",
        "requested": "[7.0.0, )",
        "resolved": "7.0.0",
        "contentHash": "A4jed4QUviDOm7fJNKAJObEAEkEUXmkGL/w0iyCYTzrl1rezTj8LGFHfsVst4Vb9JwFcTpboiDrvdST48avBpw==",
        "dependencies": {
          "System.CodeDom": "7.0.0"
        }
      },
      "System.Security.Cryptography.Pkcs": {
        "type": "CentralTransitive",
        "requested": "[8.0.1, )",
        "resolved": "8.0.1",
        "contentHash": "CoCRHFym33aUSf/NtWSVSZa99dkd0Hm7OCZUxORBjRB16LNhIEOf8THPqzIYlvKM0nNDAPTRBa1FxEECrgaxxA=="
      },
      "System.Windows.Extensions": {
        "type": "CentralTransitive",
        "requested": "[10.0.1, )",
        "resolved": "10.0.1",
        "contentHash": "NkxuY2TrVVZJYbdNzoYyTXjkp6T6ZZ/HrObEBTRzJxwTKTvVJEgbF4vSthBNZR3UKaKx79c7+1k83KhjxxVeWg=="
      }
    },
    "net10.0/win-arm64": {
      "System.Diagnostics.PerformanceCounter": {
        "type": "Transitive",
        "resolved": "7.0.0",
        "contentHash": "L+zIMEaXp1vA4wZk1KLMpk6tvU0xy94R0IfmhkmTWeC4KwShsmAfbg5I19LgjsCTYp6GVdXZ2aHluVWL0QqBdA==",
        "dependencies": {
          "System.Configuration.ConfigurationManager": "7.0.0"
        }
      },
      "System.IO.FileSystem.AccessControl": {
        "type": "Transitive",
        "resolved": "5.0.0",
        "contentHash": "SxHB3nuNrpptVk+vZ/F+7OHEpoHUIKKMl02bUmYHQr1r+glbZQxs7pRtsf4ENO29TVm2TH3AEeep2fJcy92oYw=="
      },
      "SQLitePCLRaw.lib.e_sqlite3": {
        "type": "CentralTransitive",
        "requested": "[2.1.6, )",
        "resolved": "2.1.6",
        "contentHash": "2ObJJLkIUIxRpOUlZNGuD4rICpBnrBR5anjyfUFQep4hMOIeqW+XGQYzrNmHSVz5xSWZ3klSbh7sFR6UyDj68Q=="
      },
      "System.Diagnostics.EventLog": {
        "type": "CentralTransitive",
        "requested": "[10.0.1, )",
        "resolved": "10.0.1",
        "contentHash": "xfaHEHVDkMOOZR5S6ZGezD0+vekdH1Nx/9Ih8/rOqOGSOk1fxiN3u94bYkBW/wigj0Uw2Wt3vvRj9mtYdgwEjw=="
      },
      "System.Management": {
        "type": "CentralTransitive",
        "requested": "[7.0.0, )",
        "resolved": "7.0.0",
        "contentHash": "A4jed4QUviDOm7fJNKAJObEAEkEUXmkGL/w0iyCYTzrl1rezTj8LGFHfsVst4Vb9JwFcTpboiDrvdST48avBpw==",
        "dependencies": {
          "System.CodeDom": "7.0.0"
        }
      },
      "System.Security.Cryptography.Pkcs": {
        "type": "CentralTransitive",
        "requested": "[8.0.1, )",
        "resolved": "8.0.1",
        "contentHash": "CoCRHFym33aUSf/NtWSVSZa99dkd0Hm7OCZUxORBjRB16LNhIEOf8THPqzIYlvKM0nNDAPTRBa1FxEECrgaxxA=="
      },
      "System.Windows.Extensions": {
        "type": "CentralTransitive",
        "requested": "[10.0.1, )",
        "resolved": "10.0.1",
        "contentHash": "NkxuY2TrVVZJYbdNzoYyTXjkp6T6ZZ/HrObEBTRzJxwTKTvVJEgbF4vSthBNZR3UKaKx79c7+1k83KhjxxVeWg=="
      }
    },
    "net10.0/win-x64": {
      "System.Diagnostics.PerformanceCounter": {
        "type": "Transitive",
        "resolved": "7.0.0",
        "contentHash": "L+zIMEaXp1vA4wZk1KLMpk6tvU0xy94R0IfmhkmTWeC4KwShsmAfbg5I19LgjsCTYp6GVdXZ2aHluVWL0QqBdA==",
        "dependencies": {
          "System.Configuration.ConfigurationManager": "7.0.0"
        }
      },
      "System.IO.FileSystem.AccessControl": {
        "type": "Transitive",
        "resolved": "5.0.0",
        "contentHash": "SxHB3nuNrpptVk+vZ/F+7OHEpoHUIKKMl02bUmYHQr1r+glbZQxs7pRtsf4ENO29TVm2TH3AEeep2fJcy92oYw=="
      },
      "SQLitePCLRaw.lib.e_sqlite3": {
        "type": "CentralTransitive",
        "requested": "[2.1.6, )",
        "resolved": "2.1.6",
        "contentHash": "2ObJJLkIUIxRpOUlZNGuD4rICpBnrBR5anjyfUFQep4hMOIeqW+XGQYzrNmHSVz5xSWZ3klSbh7sFR6UyDj68Q=="
      },
      "System.Diagnostics.EventLog": {
        "type": "CentralTransitive",
        "requested": "[10.0.1, )",
        "resolved": "10.0.1",
        "contentHash": "xfaHEHVDkMOOZR5S6ZGezD0+vekdH1Nx/9Ih8/rOqOGSOk1fxiN3u94bYkBW/wigj0Uw2Wt3vvRj9mtYdgwEjw=="
      },
      "System.Management": {
        "type": "CentralTransitive",
        "requested": "[7.0.0, )",
        "resolved": "7.0.0",
        "contentHash": "A4jed4QUviDOm7fJNKAJObEAEkEUXmkGL/w0iyCYTzrl1rezTj8LGFHfsVst4Vb9JwFcTpboiDrvdST48avBpw==",
        "dependencies": {
          "System.CodeDom": "7.0.0"
        }
      },
      "System.Security.Cryptography.Pkcs": {
        "type": "CentralTransitive",
        "requested": "[8.0.1, )",
        "resolved": "8.0.1",
        "contentHash": "CoCRHFym33aUSf/NtWSVSZa99dkd0Hm7OCZUxORBjRB16LNhIEOf8THPqzIYlvKM0nNDAPTRBa1FxEECrgaxxA=="
      },
      "System.Windows.Extensions": {
        "type": "CentralTransitive",
        "requested": "[10.0.1, )",
        "resolved": "10.0.1",
        "contentHash": "NkxuY2TrVVZJYbdNzoYyTXjkp6T6ZZ/HrObEBTRzJxwTKTvVJEgbF4vSthBNZR3UKaKx79c7+1k83KhjxxVeWg=="
      }
    }
  }
}