{
  "version": 2,
  "dependencies": {
    "net10.0": {
      "Microsoft.Bcl.AsyncInterfaces": {
        "type": "Direct",
        "requested": "[8.0.0, )",
        "resolved": "8.0.0",
        "contentHash": "3WA9q9yVqJp222P3x1wYIGDAkpjAku0TMUaaQV22g6L67AI0LdOIrVS7Ht2vJfLHGSPVuqN94vIr15qn+HEkHw=="
      },
      "Microsoft.CodeAnalysis.Common": {
        "type": "Direct",
        "requested": "[4.12.0, )",
        "resolved": "4.12.0",
        "contentHash": "c1kNYihL2gdcuU1dqm8R8YeA4YkB43TpU3pa2r66Uooh6AAhRtENzj9A4Kj0a+H8JDDyuTjNZql9XlVUzV+UjA==",
        "dependencies": {
          "Microsoft.CodeAnalysis.Analyzers": "3.3.4"
        }
      },
      "Microsoft.CodeAnalysis.CSharp": {
        "type": "Direct",
        "requested": "[4.12.0, )",
        "resolved": "4.12.0",
        "contentHash": "30vVQ1MizeC22iEdEvI2w0eTIYG43/L20yBzuQH01xKzJgHAoWehzI2F8u07o4mXh4DGMOjQF7aEm0zzvsG3Mg==",
        "dependencies": {
          "Microsoft.CodeAnalysis.Analyzers": "3.3.4",
          "Microsoft.CodeAnalysis.Common": "[4.12.0]"
        }
      },
      "Microsoft.CodeAnalysis.CSharp.Workspaces": {
        "type": "Direct",
        "requested": "[4.12.0, )",
        "resolved": "4.12.0",
        "contentHash": "ZZ08UBgL3f3VeVvRA1k+PGZYbCIy2EBX4nBld/1ndsaoUZcwqkUaXbljjpoJ5reozpRrBPMUJ0E34REaVgYKjw==",
        "dependencies": {
          "Humanizer.Core": "2.14.1",
          "Microsoft.CodeAnalysis.Analyzers": "3.3.4",
          "Microsoft.CodeAnalysis.CSharp": "[4.12.0]",
          "Microsoft.CodeAnalysis.Common": "[4.12.0]",
          "Microsoft.CodeAnalysis.Workspaces.Common": "[4.12.0]",
          "System.Composition": "8.0.0"
        }
      },
      "Microsoft.CodeAnalysis.PerformanceSensitiveAnalyzers": {
        "type": "Direct",
        "requested": "[3.3.4-beta1.22504.1, )",
        "resolved": "3.3.4-beta1.22504.1",
        "contentHash": "2XRlqPAzVke7Sb80+UqaC7o57OwfK+tIr+aIOxrx41RWDMeR2SBUW7kL4sd6hfLFfBNsLo3W5PT+UwfvwPaOzA=="
      },
      "Microsoft.CodeAnalysis.VisualBasic": {
        "type": "Direct",
        "requested": "[4.12.0, )",
        "resolved": "4.12.0",
        "contentHash": "RBxRpzTe2nqG96F/vJA5QK2YAuyFyg4+8VzSUW9DvZxNHGqz1taAC0KgOGd8VywGWIdZ7LhAdSI0Z6dlOkxN7w==",
        "dependencies": {
          "Microsoft.CodeAnalysis.Analyzers": "3.3.4",
          "Microsoft.CodeAnalysis.Common": "[4.12.0]"
        }
      },
      "Microsoft.CodeAnalysis.VisualBasic.Workspaces": {
        "type": "Direct",
        "requested": "[4.12.0, )",
        "resolved": "4.12.0",
        "contentHash": "//BOaYtbtQIFBNKS4AWVQStq3cpQRsItSnHGcZfRAnMZuMWuQ/dC6Lz7RR17nXkM6WwdCgJWTl0UBf2MElc3DQ==",
        "dependencies": {
          "Humanizer.Core": "2.14.1",
          "Microsoft.CodeAnalysis.Analyzers": "3.3.4",
          "Microsoft.CodeAnalysis.Common": "[4.12.0]",
          "Microsoft.CodeAnalysis.VisualBasic": "[4.12.0]",
          "Microsoft.CodeAnalysis.Workspaces.Common": "[4.12.0]",
          "System.Composition": "8.0.0"
        }
      },
      "Microsoft.CodeAnalysis.Workspaces.Common": {
        "type": "Direct",
        "requested": "[4.12.0, )",
        "resolved": "4.12.0",
        "contentHash": "9WFrMPm/k72qo7pxn6hPIS/UIAFVS/2yKBWJAW+kkmcY8PCsuBgp5ms+pmRI3mjAf7J1SmpdgHpRj2x1Gqc+9A==",
        "dependencies": {
          "Humanizer.Core": "2.14.1",
          "Microsoft.CodeAnalysis.Analyzers": "3.3.4",
          "Microsoft.CodeAnalysis.Common": "[4.12.0]",
          "System.Composition": "8.0.0"
        }
      },
      "Microsoft.DotNet.XliffTasks": {
        "type": "Direct",
        "requested": "[10.0.0-beta.26222.2, )",
        "resolved": "10.0.0-beta.26222.2",
        "contentHash": "Qr5RSdEjrTBmnZPi8qc+jbDva/lwlLwsJZriRboeivJMQFs8jGWMqsiuxuRchjNOLMC3SuJb3oVNKmVzhVkdvg=="
      },
      "Microsoft.Net.Compilers.Toolset": {
        "type": "Direct",
        "requested": "[5.8.0-1.26228.20, )",
        "resolved": "5.8.0-1.26228.20",
        "contentHash": "MS8tOZCDtdFFvnmZt0IoGV/2hPMquF5eNEW6OMyn4TDcQjO7skXfcO4t0+9N50yg7B3bPdgqTf3rkvyoyr+/RQ=="
      },
      "Microsoft.VisualStudio.Threading.Analyzers": {
        "type": "Direct",
        "requested": "[17.15.20-alpha, )",
        "resolved": "17.15.20-alpha",
        "contentHash": "AtHE3rg+MNaNQKlloJEsW5jL4Dt1swjxA/na5pHoVtHaa5PLYIRCgYgFwAUVzAmP1jIzr0KftgZUskGFf5J4MA=="
      },
      "Roslyn.Diagnostics.Analyzers": {
        "type": "Direct",
        "requested": "[5.7.0-1.26227.104, )",
        "resolved": "5.7.0-1.26227.104",
        "contentHash": "qoSp7TJ0/ryflCY8e14QekzaP2lPc11zJh4xrAliK1DYSEjNsPKjkh8lo2NJJt4MYqsZk1TNbFYJ8GW5cfJDRw==",
        "dependencies": {
          "Microsoft.CodeAnalysis.BannedApiAnalyzers": "[5.7.0-1.26227.104]",
          "Microsoft.CodeAnalysis.PublicApiAnalyzers": "[5.7.0-1.26227.104]"
        }
      },
      "System.CommandLine": {
        "type": "Direct",
        "requested": "[3.0.0-preview.5.26227.104, )",
        "resolved": "3.0.0-preview.5.26227.104",
        "contentHash": "eHkA5qxDksXF/gmfsg0lcE4Pk/kDab8Tj2PoD4tBOXdcrP8fpl0zXRGuTQMmUSs4F9zRr0ucv4SfT6VVmkrPQA=="
      },
      "Microsoft.CodeAnalysis.BannedApiAnalyzers": {
        "type": "Transitive",
        "resolved": "5.7.0-1.26227.104",
        "contentHash": "+GUMN/n3R+Qd47qxOSk7HLs2bHX9nCVTa/l38t6ySP7exQFKwu232GV9RVbYbjn8x2Khl9cpyuxIsajvFGQ4Qg=="
      },
      "Microsoft.CodeAnalysis.PublicApiAnalyzers": {
        "type": "Transitive",
        "resolved": "5.7.0-1.26227.104",
        "contentHash": "ao/9RnAicgfYXxerSWLOieBsY8NL2TUmLPdCHERUWckyqbPiPCWKHTmpJocdIdlRC6921XTllsvrLX6PG1BMVA=="
      },
      "System.Composition.AttributedModel": {
        "type": "Transitive",
        "resolved": "8.0.0",
        "contentHash": "NyElSuvmBMYdn2iPG0n29i7Igu0bq99izOP3MAtEwskY3OP9jqsavvVmPn9lesVaj/KT/o/QkNjA43dOJTsDQw=="
      },
      "System.Composition.Convention": {
        "type": "Transitive",
        "resolved": "8.0.0",
        "contentHash": "UuVkc1B3vQU/LzEbWLMZ1aYVssv4rpShzf8wPEyrUqoGNqdYKREmB8bXR73heOMKkwS6ZnPz3PjGODT2MenukQ==",
        "dependencies": {
          "System.Composition.AttributedModel": "8.0.0"
        }
      },
      "System.Composition.Hosting": {
        "type": "Transitive",
        "resolved": "8.0.0",
        "contentHash": "qwbONqoxlazxcbiohvb3t1JWZgKIKcRdXS5uEeLbo5wtuBupIbAvdC3PYTAeBCZrZeERvrtAbhYHuuS43Zr1bQ==",
        "dependencies": {
          "System.Composition.Runtime": "8.0.0"
        }
      },
      "System.Composition.Runtime": {
        "type": "Transitive",
        "resolved": "8.0.0",
        "contentHash": "G+kRyB5/6+3ucRRQz+DF4uSHGqpkK8Q4ilVdbt4zvxpmvLVZNmSkyFAQpJLcbOyVF85aomJx0m+TGMDVlwx7ZQ=="
      },
      "System.Composition.TypedParts": {
        "type": "Transitive",
        "resolved": "8.0.0",
        "contentHash": "DsSklhuA+Dsgo3ZZrar8hjBFvq1wa1grrkNCTt+6SoX3vq0Vy+HXJnVXrU/nNH1BjlGH684A7h4hJQHZd/u5mA==",
        "dependencies": {
          "System.Composition.AttributedModel": "8.0.0",
          "System.Composition.Hosting": "8.0.0",
          "System.Composition.Runtime": "8.0.0"
        }
      },
      "Humanizer.Core": {
        "type": "CentralTransitive",
        "requested": "[2.14.1, )",
        "resolved": "2.14.1",
        "contentHash": "lQKvtaTDOXnoVJ20ibTuSIOf2i0uO0MPbDhd1jm238I+U/2ZnRENj0cktKZhtchBMtCUSRQ5v4xBCUbKNmyVMw=="
      },
      "Microsoft.CodeAnalysis.Analyzers": {
        "type": "CentralTransitive",
        "requested": "[5.6.0-2.26172.2, )",
        "resolved": "3.3.4",
        "contentHash": "AxkxcPR+rheX0SmvpLVIGLhOUXAKG56a64kV9VQZ4y9gR9ZmPXnqZvHJnmwLSwzrEP6junUF11vuc+aqo5r68g=="
      },
      "System.Composition": {
        "type": "CentralTransitive",
        "requested": "[10.0.1, )",
        "resolved": "8.0.0",
        "contentHash": "E9oO9olNNxA39J8CxQwf7ceIPm+j/B/PhYpyK9M4LhN/OLLRw6u5fNInkhVqaWueMB9iXxYqnwqwgz+W91loIA==",
        "dependencies": {
          "System.Composition.AttributedModel": "8.0.0",
          "System.Composition.Convention": "8.0.0",
          "System.Composition.Hosting": "8.0.0",
          "System.Composition.Runtime": "8.0.0",
          "System.Composition.TypedParts": "8.0.0"
        }
      }
    }
  }
}