{
  "version": 2,
  "dependencies": {
    ".NETStandard,Version=v2.0": {
      "Microsoft.CodeAnalysis.Analyzers": {
        "type": "Direct",
        "requested": "[5.6.0-2.26172.2, )",
        "resolved": "5.6.0-2.26172.2",
        "contentHash": "xRPIwva1u2UuX46lfccAl8+86YnjzXjoCD83KanidOq/qHXHt4UdhWj4oPGtAcVnYWiiQPnYwi16wD6SSuLZUw=="
      },
      "Microsoft.CodeAnalysis.PerformanceSensitiveAnalyzers": {
        "type": "Direct",
        "requested": "[3.3.4-beta1.22504.1, )",
        "resolved": "3.3.4-beta1.22504.1",
        "contentHash": "2XRlqPAzVke7Sb80+UqaC7o57OwfK+tIr+aIOxrx41RWDMeR2SBUW7kL4sd6hfLFfBNsLo3W5PT+UwfvwPaOzA=="
      },
      "Microsoft.Net.Compilers.Toolset": {
        "type": "Direct",
        "requested": "[5.8.0-1.26228.20, )",
        "resolved": "5.8.0-1.26228.20",
        "contentHash": "MS8tOZCDtdFFvnmZt0IoGV/2hPMquF5eNEW6OMyn4TDcQjO7skXfcO4t0+9N50yg7B3bPdgqTf3rkvyoyr+/RQ=="
      },
      "Microsoft.VisualStudio.Threading.Analyzers": {
        "type": "Direct",
        "requested": "[17.15.20-alpha, )",
        "resolved": "17.15.20-alpha",
        "contentHash": "AtHE3rg+MNaNQKlloJEsW5jL4Dt1swjxA/na5pHoVtHaa5PLYIRCgYgFwAUVzAmP1jIzr0KftgZUskGFf5J4MA=="
      },
      "NETStandard.Library": {
        "type": "Direct",
        "requested": "[2.0.3, )",
        "resolved": "2.0.3",
        "contentHash": "st47PosZSHrjECdjeIzZQbzivYBJFv6P2nv4cj2ypdI204DO+vZ7l5raGMiX4eXMJ53RfOIg+/s4DHVZ54Nu2A==",
        "dependencies": {
          "Microsoft.NETCore.Platforms": "1.1.0"
        }
      },
      "Roslyn.Diagnostics.Analyzers": {
        "type": "Direct",
        "requested": "[5.7.0-1.26227.104, )",
        "resolved": "5.7.0-1.26227.104",
        "contentHash": "qoSp7TJ0/ryflCY8e14QekzaP2lPc11zJh4xrAliK1DYSEjNsPKjkh8lo2NJJt4MYqsZk1TNbFYJ8GW5cfJDRw==",
        "dependencies": {
          "Microsoft.CodeAnalysis.BannedApiAnalyzers": "[5.7.0-1.26227.104]",
          "Microsoft.CodeAnalysis.PublicApiAnalyzers": "[5.7.0-1.26227.104]"
        }
      },
      "Microsoft.CodeAnalysis.BannedApiAnalyzers": {
        "type": "Transitive",
        "resolved": "5.7.0-1.26227.104",
        "contentHash": "+GUMN/n3R+Qd47qxOSk7HLs2bHX9nCVTa/l38t6ySP7exQFKwu232GV9RVbYbjn8x2Khl9cpyuxIsajvFGQ4Qg=="
      },
      "Microsoft.CodeAnalysis.PublicApiAnalyzers": {
        "type": "Transitive",
        "resolved": "5.7.0-1.26227.104",
        "contentHash": "ao/9RnAicgfYXxerSWLOieBsY8NL2TUmLPdCHERUWckyqbPiPCWKHTmpJocdIdlRC6921XTllsvrLX6PG1BMVA=="
      },
      "microsoft.aspnetcore.razor.utilities.shared": {
        "type": "Project",
        "dependencies": {
          "Microsoft.Extensions.ObjectPool": "[10.0.1, )",
          "System.Collections.Immutable": "[10.0.1, )"
        }
      },
      "Microsoft.CodeAnalysis.Common": {
        "type": "Project",
        "dependencies": {
          "Microsoft.CodeAnalysis.Analyzers": "[5.6.0-2.26172.2, )",
          "System.Collections.Immutable": "[10.0.1, )",
          "System.Memory": "[4.6.3, )",
          "System.Reflection.Metadata": "[10.0.1, )",
          "System.Runtime.CompilerServices.Unsafe": "[6.1.2, )",
          "System.Text.Encoding.CodePages": "[8.0.0, )",
          "System.Threading.Tasks.Extensions": "[4.6.3, )"
        }
      },
      "microsoft.codeanalysis.csharp": {
        "type": "Project",
        "dependencies": {
          "Microsoft.CodeAnalysis.Common": "[5.8.0-dev, )"
        }
      },
      "microsoft.codeanalysis.razor.compiler": {
        "type": "Project",
        "dependencies": {
          "Microsoft.AspNetCore.Razor.Utilities.Shared": "[10.4.0-dev, )",
          "Microsoft.CodeAnalysis.CSharp": "[5.8.0-dev, )"
        }
      },
      "Microsoft.Extensions.ObjectPool": {
        "type": "CentralTransitive",
        "requested": "[10.0.1, )",
        "resolved": "10.0.1",
        "contentHash": "HqAEbtoAhgvH53c54IV5e4vQ60PYvl7Z/WIHsbet+UGGE7n+7dwVNXw1mb9LZlWbsxnupCevvtgIne5P//ZKpQ=="
      },
      "Microsoft.NETCore.Platforms": {
        "type": "CentralTransitive",
        "requested": "[5.0.0, )",
        "resolved": "5.0.0",
        "contentHash": "VyPlqzH2wavqquTcYpkIIAQ6WdenuKoFN0BdYBbCWsclXacSOHNQn66Gt4z5NBqEYW0FAPm5rlvki9ZiCij5xQ=="
      },
      "System.Buffers": {
        "type": "CentralTransitive",
        "requested": "[4.6.1, )",
        "resolved": "4.6.1",
        "contentHash": "N8GXpmiLMtljq7gwvyS+1QvKT/W2J8sNAvx+HVg4NGmsG/H+2k/y9QI23auLJRterrzCiDH+IWAw4V/GPwsMlw=="
      },
      "System.Collections.Immutable": {
        "type": "CentralTransitive",
        "requested": "[10.0.1, )",
        "resolved": "10.0.1",
        "contentHash": "kdTe61B8P7i2M1pODC3MLbZ/CfFGjpC6c6jzxjQoB5DHZNewayCRqgFUmx3JKB6vLQtozpMQEiw+R5fO32Jv4g==",
        "dependencies": {
          "System.Memory": "4.6.3",
          "System.Runtime.CompilerServices.Unsafe": "6.1.2"
        }
      },
      "System.Memory": {
        "type": "CentralTransitive",
        "requested": "[4.6.3, )",
        "resolved": "4.6.3",
        "contentHash": "qdcDOgnFZY40+Q9876JUHnlHu7bosOHX8XISRoH94fwk6hgaeQGSgfZd8srWRZNt5bV9ZW2TljcegDNxsf+96A==",
        "dependencies": {
          "System.Buffers": "4.6.1",
          "System.Numerics.Vectors": "4.6.1",
          "System.Runtime.CompilerServices.Unsafe": "6.1.2"
        }
      },
      "System.Numerics.Vectors": {
        "type": "CentralTransitive",
        "requested": "[4.6.1, )",
        "resolved": "4.6.1",
        "contentHash": "sQxefTnhagrhoq2ReR0D/6K0zJcr9Hrd6kikeXsA1I8kOCboTavcUC4r7TSfpKFeE163uMuxZcyfO1mGO3EN8Q=="
      },
      "System.Reflection.Metadata": {
        "type": "CentralTransitive",
        "requested": "[10.0.1, )",
        "resolved": "10.0.1",
        "contentHash": "zpcfT/wacPPhE17zcudozlxQtWN/84qyiMyZNGLnK4cj2IMBtLsZYwYjVnALUhPliwyUVj/P7kaZvBWYBCnf2Q==",
        "dependencies": {
          "System.Collections.Immutable": "10.0.1"
        }
      },
      "System.Runtime.CompilerServices.Unsafe": {
        "type": "CentralTransitive",
        "requested": "[6.1.2, )",
        "resolved": "6.1.2",
        "contentHash": "2hBr6zdbIBTDE3EhK7NSVNdX58uTK6iHW/P/Axmm9sl1xoGSLqDvMtpecn226TNwHByFokYwJmt/aQQNlO5CRw=="
      },
      "System.Text.Encoding.CodePages": {
        "type": "CentralTransitive",
        "requested": "[8.0.0, )",
        "resolved": "8.0.0",
        "contentHash": "OZIsVplFGaVY90G2SbpgU7EnCoOO5pw1t4ic21dBF3/1omrJFpAGoNAVpPyMVOC90/hvgkGG3VFqR13YgZMQfg==",
        "dependencies": {
          "System.Memory": "4.5.5",
          "System.Runtime.CompilerServices.Unsafe": "6.0.0"
        }
      },
      "System.Threading.Tasks.Extensions": {
        "type": "CentralTransitive",
        "requested": "[4.6.3, )",
        "resolved": "4.6.3",
        "contentHash": "7sCiwilJLYbTZELaKnc7RecBBXWXA+xMLQWZKWawBxYjp6DBlSE3v9/UcvKBvr1vv2tTOhipiogM8rRmxlhrVA==",
        "dependencies": {
          "System.Runtime.CompilerServices.Unsafe": "6.1.2"
        }
      }
    }
  }
}