
Microsoft Visual Studio Solution File, Format Version 12.00
# Visual Studio 2012
Project("{F184B08F-C81C-45F6-A57F-5ABD9991F28F}") = "RemoveByValVB", "RemoveByValVB.vbproj", "{4900921D-C548-4FBB-9681-BAF88E09DB3C}"
EndProject
Global
	GlobalSection(SolutionConfigurationPlatforms) = preSolution
		Debug|Any CPU = Debug|Any CPU
		Release|Any CPU = Release|Any CPU
	EndGlobalSection
	GlobalSection(ProjectConfigurationPlatforms) = postSolution
		{4900921D-C548-4FBB-9681-BAF88E09DB3C}.Debug|Any CPU.ActiveCfg = Debug|Any CPU
		{4900921D-C548-4FBB-9681-BAF88E09DB3C}.Debug|Any CPU.Build.0 = Debug|Any CPU
		{4900921D-C548-4FBB-9681-BAF88E09DB3C}.Release|Any CPU.ActiveCfg = Release|Any CPU
		{4900921D-C548-4FBB-9681-BAF88E09DB3C}.Release|Any CPU.Build.0 = Release|Any CPU
	EndGlobalSection
	GlobalSection(SolutionProperties) = preSolution
		HideSolutionNode = FALSE
	EndGlobalSection
EndGlobal
