
Microsoft Visual Studio Solution File, Format Version 12.00
# Visual Studio 2012
Project("{FAE04EC0-301F-11D3-BF4B-00C04F79EFBC}") = "ConvertToConditionalCS", "ConvertToConditionalCS.csproj", "{12E87057-11A1-4A58-AF89-7132789320F9}"
EndProject
Global
	GlobalSection(SolutionConfigurationPlatforms) = preSolution
		Debug|Any CPU = Debug|Any CPU
		Release|Any CPU = Release|Any CPU
	EndGlobalSection
	GlobalSection(ProjectConfigurationPlatforms) = postSolution
		{12E87057-11A1-4A58-AF89-7132789320F9}.Debug|Any CPU.ActiveCfg = Debug|Any CPU
		{12E87057-11A1-4A58-AF89-7132789320F9}.Debug|Any CPU.Build.0 = Debug|Any CPU
		{12E87057-11A1-4A58-AF89-7132789320F9}.Release|Any CPU.ActiveCfg = Release|Any CPU
		{12E87057-11A1-4A58-AF89-7132789320F9}.Release|Any CPU.Build.0 = Release|Any CPU
	EndGlobalSection
	GlobalSection(SolutionProperties) = preSolution
		HideSolutionNode = FALSE
	EndGlobalSection
EndGlobal
