
Microsoft Visual Studio Solution File, Format Version 12.00
# Visual Studio 14
VisualStudioVersion = 14.0.24709.0
MinimumVisualStudioVersion = 10.0.40219.1
Project("{FAE04EC0-301F-11D3-BF4B-00C04F79EFBC}") = "GitMergeBot", "GitMergeBot\GitMergeBot.csproj", "{BEB6362A-AF61-460F-8AD9-79EECA5187C8}"
EndProject
Global
	GlobalSection(SolutionConfigurationPlatforms) = preSolution
		Debug|Any CPU = Debug|Any CPU
		Release|Any CPU = Release|Any CPU
	EndGlobalSection
	GlobalSection(ProjectConfigurationPlatforms) = postSolution
		{BEB6362A-AF61-460F-8AD9-79EECA5187C8}.Debug|Any CPU.ActiveCfg = Debug|Any CPU
		{BEB6362A-AF61-460F-8AD9-79EECA5187C8}.Debug|Any CPU.Build.0 = Debug|Any CPU
		{BEB6362A-AF61-460F-8AD9-79EECA5187C8}.Release|Any CPU.ActiveCfg = Release|Any CPU
		{BEB6362A-AF61-460F-8AD9-79EECA5187C8}.Release|Any CPU.Build.0 = Release|Any CPU
	EndGlobalSection
	GlobalSection(SolutionProperties) = preSolution
		HideSolutionNode = FALSE
	EndGlobalSection
EndGlobal
