
Microsoft Visual Studio Solution File, Format Version 12.00
# Visual Studio Version 17
VisualStudioVersion = 17.0.31903.59
MinimumVisualStudioVersion = 10.0.40219.1
Project("{9A19103F-16F7-4668-BE54-9A1E7A4F7556}") = "Microsoft.CodeAnalysis.LanguageServer", "Microsoft.CodeAnalysis.LanguageServer\Microsoft.CodeAnalysis.LanguageServer.csproj", "{2A3C94F7-5B5E-4CDC-B645-672815E61DEB}"
EndProject
Project("{2150E333-8FDC-42A3-9474-1A3956D46DE8}") = "Solution Items", "Solution Items", "{6BB63E09-D5FD-4EF7-8041-1150449A6058}"
	ProjectSection(SolutionItems) = preProject
		.editorconfig = .editorconfig
		Directory.Build.props = Directory.Build.props
		Directory.Packages.props = Directory.Packages.props
		NuGet.config = NuGet.config
	EndProjectSection
EndProject
Project("{FAE04EC0-301F-11D3-BF4B-00C04F79EFBC}") = "Microsoft.CodeAnalysis.LanguageServer.UnitTests", "Microsoft.CodeAnalysis.LanguageServer.UnitTests\Microsoft.CodeAnalysis.LanguageServer.UnitTests.csproj", "{9A90AA02-4275-40ED-B1F1-731AF17E675C}"
EndProject
Global
	GlobalSection(SolutionConfigurationPlatforms) = preSolution
		Debug|Any CPU = Debug|Any CPU
		Release|Any CPU = Release|Any CPU
	EndGlobalSection
	GlobalSection(ProjectConfigurationPlatforms) = postSolution
		{2A3C94F7-5B5E-4CDC-B645-672815E61DEB}.Debug|Any CPU.ActiveCfg = Debug|Any CPU
		{2A3C94F7-5B5E-4CDC-B645-672815E61DEB}.Debug|Any CPU.Build.0 = Debug|Any CPU
		{2A3C94F7-5B5E-4CDC-B645-672815E61DEB}.Release|Any CPU.ActiveCfg = Release|Any CPU
		{2A3C94F7-5B5E-4CDC-B645-672815E61DEB}.Release|Any CPU.Build.0 = Release|Any CPU
		{9A90AA02-4275-40ED-B1F1-731AF17E675C}.Debug|Any CPU.ActiveCfg = Debug|Any CPU
		{9A90AA02-4275-40ED-B1F1-731AF17E675C}.Debug|Any CPU.Build.0 = Debug|Any CPU
		{9A90AA02-4275-40ED-B1F1-731AF17E675C}.Release|Any CPU.ActiveCfg = Release|Any CPU
		{9A90AA02-4275-40ED-B1F1-731AF17E675C}.Release|Any CPU.Build.0 = Release|Any CPU
	EndGlobalSection
	GlobalSection(SolutionProperties) = preSolution
		HideSolutionNode = FALSE
	EndGlobalSection
	GlobalSection(ExtensibilityGlobals) = postSolution
		SolutionGuid = {AF07446F-2FE6-4DFD-A110-ABFB60F5FB83}
	EndGlobalSection
EndGlobal
