
Microsoft Visual Studio Solution File, Format Version 12.00
# Visual Studio 14
VisualStudioVersion = 14.0.24720.0
MinimumVisualStudioVersion = 10.0.40219.1
Project("{FAE04EC0-301F-11D3-BF4B-00C04F79EFBC}") = "ConsoleApplication24", "ConsoleApplication24\ConsoleApplication24.csproj", "{AD4159BB-F850-4726-8127-196392316927}"
EndProject
Global
	GlobalSection(SolutionConfigurationPlatforms) = preSolution
		Debug|Any CPU = Debug|Any CPU
		Release|Any CPU = Release|Any CPU
	EndGlobalSection
	GlobalSection(ProjectConfigurationPlatforms) = postSolution
		{AD4159BB-F850-4726-8127-196392316927}.Debug|Any CPU.ActiveCfg = Debug|Any CPU
		{AD4159BB-F850-4726-8127-196392316927}.Debug|Any CPU.Build.0 = Debug|Any CPU
		{AD4159BB-F850-4726-8127-196392316927}.Release|Any CPU.ActiveCfg = Release|Any CPU
		{AD4159BB-F850-4726-8127-196392316927}.Release|Any CPU.Build.0 = Release|Any CPU
	EndGlobalSection
	GlobalSection(SolutionProperties) = preSolution
		HideSolutionNode = FALSE
	EndGlobalSection
EndGlobal
