
Microsoft Visual Studio Solution File, Format Version 12.00
# Visual Studio Version 16
VisualStudioVersion = 16.0.30208.133
MinimumVisualStudioVersion = 10.0.40219.1
Project("{9A19103F-16F7-4668-BE54-9A1E7A4F7556}") = "AzureFunction", "AzureFunction\AzureFunction.csproj", "{523AE61B-1573-44D9-A7C6-3F589969B009}"
EndProject
Project("{2150E333-8FDC-42A3-9474-1A3956D46DE8}") = "Solution Items", "Solution Items", "{1ADA2D5D-C9CB-45AF-BAE2-5E5A33CFC83F}"
	ProjectSection(SolutionItems) = preProject
		azure-pipelines-feeds.yml = azure-pipelines-feeds.yml
		azure-pipelines-function.yml = azure-pipelines-function.yml
		Readme.md = Readme.md
	EndProjectSection
EndProject
Global
	GlobalSection(SolutionConfigurationPlatforms) = preSolution
		Debug|Any CPU = Debug|Any CPU
		Release|Any CPU = Release|Any CPU
	EndGlobalSection
	GlobalSection(ProjectConfigurationPlatforms) = postSolution
		{523AE61B-1573-44D9-A7C6-3F589969B009}.Debug|Any CPU.ActiveCfg = Debug|Any CPU
		{523AE61B-1573-44D9-A7C6-3F589969B009}.Debug|Any CPU.Build.0 = Debug|Any CPU
		{523AE61B-1573-44D9-A7C6-3F589969B009}.Release|Any CPU.ActiveCfg = Release|Any CPU
		{523AE61B-1573-44D9-A7C6-3F589969B009}.Release|Any CPU.Build.0 = Release|Any CPU
	EndGlobalSection
	GlobalSection(SolutionProperties) = preSolution
		HideSolutionNode = FALSE
	EndGlobalSection
	GlobalSection(ExtensibilityGlobals) = postSolution
		SolutionGuid = {8CD7931B-5804-4E1D-A8B5-7A8E7A95BF5E}
	EndGlobalSection
EndGlobal
