
Microsoft Visual Studio Solution File, Format Version 12.00
# Visual Studio 15
VisualStudioVersion = 15.0.26405.2
MinimumVisualStudioVersion = 10.0.40219.1
Project("{778DAE3C-4631-46EA-AA77-85C1314464D9}") = "DevDivInsertionFiles", "DevDivInsertionFiles.vbproj", "{5FE910A9-E7C9-40E1-AAF1-6C6C7DD61B67}"
EndProject
Project("{9A19103F-16F7-4668-BE54-9A1E7A4F7556}") = "DevDivPackagesRoslyn", "..\DevDivPackages\Roslyn\DevDivPackagesRoslyn.csproj", "{57557F32-0635-421A-BCF8-549AED50F764}"
EndProject
Project("{9A19103F-16F7-4668-BE54-9A1E7A4F7556}") = "DevDivPackagesDebugger", "..\DevDivPackages\Debugger\DevDivPackagesDebugger.csproj", "{18BDB5D5-340B-4834-B4FC-0327729A4A26}"
EndProject
Global
	GlobalSection(SolutionConfigurationPlatforms) = preSolution
		Debug|Any CPU = Debug|Any CPU
		Release|Any CPU = Release|Any CPU
	EndGlobalSection
	GlobalSection(ProjectConfigurationPlatforms) = postSolution
		{5FE910A9-E7C9-40E1-AAF1-6C6C7DD61B67}.Debug|Any CPU.ActiveCfg = Debug|Any CPU
		{5FE910A9-E7C9-40E1-AAF1-6C6C7DD61B67}.Debug|Any CPU.Build.0 = Debug|Any CPU
		{5FE910A9-E7C9-40E1-AAF1-6C6C7DD61B67}.Release|Any CPU.ActiveCfg = Release|Any CPU
		{5FE910A9-E7C9-40E1-AAF1-6C6C7DD61B67}.Release|Any CPU.Build.0 = Release|Any CPU
		{57557F32-0635-421A-BCF8-549AED50F764}.Debug|Any CPU.ActiveCfg = Debug|Any CPU
		{57557F32-0635-421A-BCF8-549AED50F764}.Debug|Any CPU.Build.0 = Debug|Any CPU
		{57557F32-0635-421A-BCF8-549AED50F764}.Release|Any CPU.ActiveCfg = Release|Any CPU
		{57557F32-0635-421A-BCF8-549AED50F764}.Release|Any CPU.Build.0 = Release|Any CPU
		{18BDB5D5-340B-4834-B4FC-0327729A4A26}.Debug|Any CPU.ActiveCfg = Debug|Any CPU
		{18BDB5D5-340B-4834-B4FC-0327729A4A26}.Debug|Any CPU.Build.0 = Debug|Any CPU
		{18BDB5D5-340B-4834-B4FC-0327729A4A26}.Release|Any CPU.ActiveCfg = Release|Any CPU
		{18BDB5D5-340B-4834-B4FC-0327729A4A26}.Release|Any CPU.Build.0 = Release|Any CPU
	EndGlobalSection
	GlobalSection(SolutionProperties) = preSolution
		HideSolutionNode = FALSE
	EndGlobalSection
EndGlobal
